
Microsoft Visual Studio Solution File, Format Version 12.00
# Visual Studio 14
VisualStudioVersion = 14.0.25420.1
MinimumVisualStudioVersion = 10.0.40219.1
Project("{FAE04EC0-301F-11D3-BF4B-00C04F79EFBC}") = "EquipmentReturn.Automation.Accelerators", "EquipmentReturn.Automation.Accelerators\EquipmentReturn.Automation.Accelerators.csproj", "{8614D90F-2AE0-4642-B845-FC03EC70EB70}"
EndProject
Project("{FAE04EC0-301F-11D3-BF4B-00C04F79EFBC}") = "EquipmentReturn.Automation.FunctionalTest", "EquipmentReturn.Automation.FunctionalTest\EquipmentReturn.Automation.FunctionalTest.csproj", "{3F670746-7FE6-43E1-A4F9-6D94E11138C4}"
EndProject
Project("{FAE04EC0-301F-11D3-BF4B-00C04F79EFBC}") = "EquipmentReturn.Automation.Repository", "EquipmentReturn.Automation.Repository\EquipmentReturn.Automation.Repository.csproj", "{ABCCDC77-48B3-4DB4-A758-B5C50FAA3FA8}"
EndProject
Project("{2150E333-8FDC-42A3-9474-1A3956D46DE8}") = "Build", "Build", "{C9821D9F-B438-4A36-82EA-5F009D611613}"
	ProjectSection(SolutionItems) = preProject
		.travis.yml = .travis.yml
	EndProjectSection
EndProject
Global
	GlobalSection(SolutionConfigurationPlatforms) = preSolution
		Debug|Any CPU = Debug|Any CPU
		DebugBSChrome|Any CPU = DebugBSChrome|Any CPU
		DebugLocalChrome|Any CPU = DebugLocalChrome|Any CPU
		DebugLocalMobile|Any CPU = DebugLocalMobile|Any CPU
		Release|Any CPU = Release|Any CPU
	EndGlobalSection
	GlobalSection(ProjectConfigurationPlatforms) = postSolution
		{8614D90F-2AE0-4642-B845-FC03EC70EB70}.Debug|Any CPU.ActiveCfg = Debug|Any CPU
		{8614D90F-2AE0-4642-B845-FC03EC70EB70}.Debug|Any CPU.Build.0 = Debug|Any CPU
		{8614D90F-2AE0-4642-B845-FC03EC70EB70}.DebugBSChrome|Any CPU.ActiveCfg = DebugBSChrome|Any CPU
		{8614D90F-2AE0-4642-B845-FC03EC70EB70}.DebugBSChrome|Any CPU.Build.0 = DebugBSChrome|Any CPU
		{8614D90F-2AE0-4642-B845-FC03EC70EB70}.DebugLocalChrome|Any CPU.ActiveCfg = DebugLocalChrome|Any CPU
		{8614D90F-2AE0-4642-B845-FC03EC70EB70}.DebugLocalChrome|Any CPU.Build.0 = DebugLocalChrome|Any CPU
		{8614D90F-2AE0-4642-B845-FC03EC70EB70}.DebugLocalChrome|Any CPU.Deploy.0 = DebugLocalChrome|Any CPU
		{8614D90F-2AE0-4642-B845-FC03EC70EB70}.DebugLocalMobile|Any CPU.ActiveCfg = DebugLocalMobile|Any CPU
		{8614D90F-2AE0-4642-B845-FC03EC70EB70}.DebugLocalMobile|Any CPU.Build.0 = DebugLocalMobile|Any CPU
		{8614D90F-2AE0-4642-B845-FC03EC70EB70}.Release|Any CPU.ActiveCfg = Release|Any CPU
		{8614D90F-2AE0-4642-B845-FC03EC70EB70}.Release|Any CPU.Build.0 = Release|Any CPU
		{3F670746-7FE6-43E1-A4F9-6D94E11138C4}.Debug|Any CPU.ActiveCfg = Debug|Any CPU
		{3F670746-7FE6-43E1-A4F9-6D94E11138C4}.Debug|Any CPU.Build.0 = Debug|Any CPU
		{3F670746-7FE6-43E1-A4F9-6D94E11138C4}.DebugBSChrome|Any CPU.ActiveCfg = DebugBSChrome|Any CPU
		{3F670746-7FE6-43E1-A4F9-6D94E11138C4}.DebugBSChrome|Any CPU.Build.0 = DebugBSChrome|Any CPU
		{3F670746-7FE6-43E1-A4F9-6D94E11138C4}.DebugLocalChrome|Any CPU.ActiveCfg = DebugLocalChrome|Any CPU
		{3F670746-7FE6-43E1-A4F9-6D94E11138C4}.DebugLocalChrome|Any CPU.Build.0 = DebugLocalChrome|Any CPU
		{3F670746-7FE6-43E1-A4F9-6D94E11138C4}.DebugLocalMobile|Any CPU.ActiveCfg = DebugLocalMobile|Any CPU
		{3F670746-7FE6-43E1-A4F9-6D94E11138C4}.DebugLocalMobile|Any CPU.Build.0 = DebugLocalMobile|Any CPU
		{3F670746-7FE6-43E1-A4F9-6D94E11138C4}.Release|Any CPU.ActiveCfg = Release|Any CPU
		{3F670746-7FE6-43E1-A4F9-6D94E11138C4}.Release|Any CPU.Build.0 = Release|Any CPU
		{ABCCDC77-48B3-4DB4-A758-B5C50FAA3FA8}.Debug|Any CPU.ActiveCfg = Debug|Any CPU
		{ABCCDC77-48B3-4DB4-A758-B5C50FAA3FA8}.Debug|Any CPU.Build.0 = Debug|Any CPU
		{ABCCDC77-48B3-4DB4-A758-B5C50FAA3FA8}.DebugBSChrome|Any CPU.ActiveCfg = DebugBSChrome|Any CPU
		{ABCCDC77-48B3-4DB4-A758-B5C50FAA3FA8}.DebugBSChrome|Any CPU.Build.0 = DebugBSChrome|Any CPU
		{ABCCDC77-48B3-4DB4-A758-B5C50FAA3FA8}.DebugLocalChrome|Any CPU.ActiveCfg = DebugLocalChrome|Any CPU
		{ABCCDC77-48B3-4DB4-A758-B5C50FAA3FA8}.DebugLocalChrome|Any CPU.Build.0 = DebugLocalChrome|Any CPU
		{ABCCDC77-48B3-4DB4-A758-B5C50FAA3FA8}.DebugLocalMobile|Any CPU.ActiveCfg = DebugLocalMobile|Any CPU
		{ABCCDC77-48B3-4DB4-A758-B5C50FAA3FA8}.DebugLocalMobile|Any CPU.Build.0 = DebugLocalMobile|Any CPU
		{ABCCDC77-48B3-4DB4-A758-B5C50FAA3FA8}.Release|Any CPU.ActiveCfg = Release|Any CPU
		{ABCCDC77-48B3-4DB4-A758-B5C50FAA3FA8}.Release|Any CPU.Build.0 = Release|Any CPU
	EndGlobalSection
	GlobalSection(SolutionProperties) = preSolution
		HideSolutionNode = FALSE
	EndGlobalSection
	GlobalSection(ExtensibilityGlobals) = postSolution
		SolutionGuid = {3B7B0C09-47CB-4F29-BFF6-42BD0B066666}
	EndGlobalSection
EndGlobal
